// !$*UTF8*$!
{
	archiveVersion = 1;
	classes = {
	};
	objectVersion = 56;
	objects = {

/* Begin PBXBuildFile section */
		DA84FAEB29CDE63E001B9918 /* DetailViewController.swift in Sources */ = {isa = PBXBuildFile; fileRef = DA84FAEA29CDE63E001B9918 /* DetailViewController.swift */; };
		DAA7AECE29F9CC2B0037A8AC /* Book.swift in Sources */ = {isa = PBXBuildFile; fileRef = DAA7AECD29F9CC2B0037A8AC /* Book.swift */; };
		DAA7AED029F9CC2D0037A8AC /* BookTableViewCell.swift in Sources */ = {isa = PBXBuildFile; fileRef = DAA7AECF29F9CC2D0037A8AC /* BookTableViewCell.swift */; };
		DAA7AED229F9CC300037A8AC /* BookTableViewCell.xib in Resources */ = {isa = PBXBuildFile; fileRef = DAA7AED129F9CC300037A8AC /* BookTableViewCell.xib */; };
		DAA7AED529F9CC980037A8AC /* SDWebImage in Frameworks */ = {isa = PBXBuildFile; productRef = DAA7AED429F9CC980037A8AC /* SDWebImage */; };
		DACAB6C529C6591D0084FD3B /* AppDelegate.swift in Sources */ = {isa = PBXBuildFile; fileRef = DACAB6C429C6591D0084FD3B /* AppDelegate.swift */; };
		DACAB6C729C6591D0084FD3B /* SceneDelegate.swift in Sources */ = {isa = PBXBuildFile; fileRef = DACAB6C629C6591D0084FD3B /* SceneDelegate.swift */; };
		DACAB6C929C6591D0084FD3B /* SearchViewController.swift in Sources */ = {isa = PBXBuildFile; fileRef = DACAB6C829C6591D0084FD3B /* SearchViewController.swift */; };
		DACAB6CC29C6591D0084FD3B /* Main.storyboard in Resources */ = {isa = PBXBuildFile; fileRef = DACAB6CA29C6591D0084FD3B /* Main.storyboard */; };
		DACAB6CE29C6591E0084FD3B /* Assets.xcassets in Resources */ = {isa = PBXBuildFile; fileRef = DACAB6CD29C6591E0084FD3B /* Assets.xcassets */; };
		DACAB6D129C6591E0084FD3B /* LaunchScreen.storyboard in Resources */ = {isa = PBXBuildFile; fileRef = DACAB6CF29C6591E0084FD3B /* LaunchScreen.storyboard */; };
/* End PBXBuildFile section */

/* Begin PBXFileReference section */
		DA84FAEA29CDE63E001B9918 /* DetailViewController.swift */ = {isa = PBXFileReference; lastKnownFileType = sourcecode.swift; path = DetailViewController.swift; sourceTree = "<group>"; };
		DAA7AECD29F9CC2B0037A8AC /* Book.swift */ = {isa = PBXFileReference; fileEncoding = 4; lastKnownFileType = sourcecode.swift; path = Book.swift; sourceTree = "<group>"; };
		DAA7AECF29F9CC2D0037A8AC /* BookTableViewCell.swift */ = {isa = PBXFileReference; fileEncoding = 4; lastKnownFileType = sourcecode.swift; path = BookTableViewCell.swift; sourceTree = "<group>"; };
		DAA7AED129F9CC300037A8AC /* BookTableViewCell.xib */ = {isa = PBXFileReference; fileEncoding = 4; lastKnownFileType = file.xib; path = BookTableViewCell.xib; sourceTree = "<group>"; };
		DACAB6C129C6591D0084FD3B /* Book Finder.app */ = {isa = PBXFileReference; explicitFileType = wrapper.application; includeInIndex = 0; path = "Book Finder.app"; sourceTree = BUILT_PRODUCTS_DIR; };
		DACAB6C429C6591D0084FD3B /* AppDelegate.swift */ = {isa = PBXFileReference; lastKnownFileType = sourcecode.swift; path = AppDelegate.swift; sourceTree = "<group>"; };
		DACAB6C629C6591D0084FD3B /* SceneDelegate.swift */ = {isa = PBXFileReference; lastKnownFileType = sourcecode.swift; path = SceneDelegate.swift; sourceTree = "<group>"; };
		DACAB6C829C6591D0084FD3B /* SearchViewController.swift */ = {isa = PBXFileReference; lastKnownFileType = sourcecode.swift; path = SearchViewController.swift; sourceTree = "<group>"; };
		DACAB6CB29C6591D0084FD3B /* Base */ = {isa = PBXFileReference; lastKnownFileType = file.storyboard; name = Base; path = Base.lproj/Main.storyboard; sourceTree = "<group>"; };
		DACAB6CD29C6591E0084FD3B /* Assets.xcassets */ = {isa = PBXFileReference; lastKnownFileType = folder.assetcatalog; path = Assets.xcassets; sourceTree = "<group>"; };
		DACAB6D029C6591E0084FD3B /* Base */ = {isa = PBXFileReference; lastKnownFileType = file.storyboard; name = Base; path = Base.lproj/LaunchScreen.storyboard; sourceTree = "<group>"; };
		DACAB6D229C6591E0084FD3B /* Info.plist */ = {isa = PBXFileReference; lastKnownFileType = text.plist.xml; path = Info.plist; sourceTree = "<group>"; };
/* End PBXFileReference section */

/* Begin PBXFrameworksBuildPhase section */
		DACAB6BE29C6591D0084FD3B /* Frameworks */ = {
			isa = PBXFrameworksBuildPhase;
			buildActionMask = 2147483647;
			files = (
				DAA7AED529F9CC980037A8AC /* SDWebImage in Frameworks */,
			);
			runOnlyForDeploymentPostprocessing = 0;
		};
/* End PBXFrameworksBuildPhase section */

/* Begin PBXGroup section */
		DACAB6B829C6591D0084FD3B = {
			isa = PBXGroup;
			children = (
				DACAB6C329C6591D0084FD3B /* Book Finder */,
				DACAB6C229C6591D0084FD3B /* Products */,
			);
			sourceTree = "<group>";
		};
		DACAB6C229C6591D0084FD3B /* Products */ = {
			isa = PBXGroup;
			children = (
				DACAB6C129C6591D0084FD3B /* Book Finder.app */,
			);
			name = Products;
			sourceTree = "<group>";
		};
		DACAB6C329C6591D0084FD3B /* Book Finder */ = {
			isa = PBXGroup;
			children = (
				DACAB6C429C6591D0084FD3B /* AppDelegate.swift */,
				DACAB6C629C6591D0084FD3B /* SceneDelegate.swift */,
				DACAB6C829C6591D0084FD3B /* SearchViewController.swift */,
				DA84FAEA29CDE63E001B9918 /* DetailViewController.swift */,
				DAA7AECD29F9CC2B0037A8AC /* Book.swift */,
				DAA7AECF29F9CC2D0037A8AC /* BookTableViewCell.swift */,
				DAA7AED129F9CC300037A8AC /* BookTableViewCell.xib */,
				DACAB6CA29C6591D0084FD3B /* Main.storyboard */,
				DACAB6CD29C6591E0084FD3B /* Assets.xcassets */,
				DACAB6CF29C6591E0084FD3B /* LaunchScreen.storyboard */,
				DACAB6D229C6591E0084FD3B /* Info.plist */,
			);
			path = "Book Finder";
			sourceTree = "<group>";
		};
/* End PBXGroup section */

/* Begin PBXNativeTarget section */
		DACAB6C029C6591D0084FD3B /* Book Finder */ = {
			isa = PBXNativeTarget;
			buildConfigurationList = DACAB6D529C6591E0084FD3B /* Build configuration list for PBXNativeTarget "Book Finder" */;
			buildPhases = (
				DACAB6BD29C6591D0084FD3B /* Sources */,
				DACAB6BE29C6591D0084FD3B /* Frameworks */,
				DACAB6BF29C6591D0084FD3B /* Resources */,
			);
			buildRules = (
			);
			dependencies = (
			);
			name = "Book Finder";
			packageProductDependencies = (
				DAA7AED429F9CC980037A8AC /* SDWebImage */,
			);
			productName = "Book Finder";
			productReference = DACAB6C129C6591D0084FD3B /* Book Finder.app */;
			productType = "com.apple.product-type.application";
		};
/* End PBXNativeTarget section */

/* Begin PBXProject section */
		DACAB6B929C6591D0084FD3B /* Project object */ = {
			isa = PBXProject;
			attributes = {
				BuildIndependentTargetsInParallel = 1;
				LastSwiftUpdateCheck = 1420;
				LastUpgradeCheck = 1420;
				TargetAttributes = {
					DACAB6C029C6591D0084FD3B = {
						CreatedOnToolsVersion = 14.2;
					};
				};
			};
			buildConfigurationList = DACAB6BC29C6591D0084FD3B /* Build configuration list for PBXProject "Book Finder" */;
			compatibilityVersion = "Xcode 14.0";
			developmentRegion = en;
			hasScannedForEncodings = 0;
			knownRegions = (
				en,
				Base,
			);
			mainGroup = DACAB6B829C6591D0084FD3B;
			packageReferences = (
				DAA7AED329F9CC980037A8AC /* XCRemoteSwiftPackageReference "SDWebImage" */,
			);
			productRefGroup = DACAB6C229C6591D0084FD3B /* Products */;
			projectDirPath = "";
			projectRoot = "";
			targets = (
				DACAB6C029C6591D0084FD3B /* Book Finder */,
			);
		};
/* End PBXProject section */

/* Begin PBXResourcesBuildPhase section */
		DACAB6BF29C6591D0084FD3B /* Resources */ = {
			isa = PBXResourcesBuildPhase;
			buildActionMask = 2147483647;
			files = (
				DAA7AED229F9CC300037A8AC /* BookTableViewCell.xib in Resources */,
				DACAB6D129C6591E0084FD3B /* LaunchScreen.storyboard in Resources */,
				DACAB6CE29C6591E0084FD3B /* Assets.xcassets in Resources */,
				DACAB6CC29C6591D0084FD3B /* Main.storyboard in Resources */,
			);
			runOnlyForDeploymentPostprocessing = 0;
		};
/* End PBXResourcesBuildPhase section */

/* Begin PBXSourcesBuildPhase section */
		DACAB6BD29C6591D0084FD3B /* Sources */ = {
			isa = PBXSourcesBuildPhase;
			buildActionMask = 2147483647;
			files = (
				DACAB6C929C6591D0084FD3B /* SearchViewController.swift in Sources */,
				DACAB6C529C6591D0084FD3B /* AppDelegate.swift in Sources */,
				DA84FAEB29CDE63E001B9918 /* DetailViewController.swift in Sources */,
				DAA7AECE29F9CC2B0037A8AC /* Book.swift in Sources */,
				DAA7AED029F9CC2D0037A8AC /* BookTableViewCell.swift in Sources */,
				DACAB6C729C6591D0084FD3B /* SceneDelegate.swift in Sources */,
			);
			runOnlyForDeploymentPostprocessing = 0;
		};
/* End PBXSourcesBuildPhase section */

/* Begin PBXVariantGroup section */
		DACAB6CA29C6591D0084FD3B /* Main.storyboard */ = {
			isa = PBXVariantGroup;
			children = (
				DACAB6CB29C6591D0084FD3B /* Base */,
			);
			name = Main.storyboard;
			sourceTree = "<group>";
		};
		DACAB6CF29C6591E0084FD3B /* LaunchScreen.storyboard */ = {
			isa = PBXVariantGroup;
			children = (
				DACAB6D029C6591E0084FD3B /* Base */,
			);
			name = LaunchScreen.storyboard;
			sourceTree = "<group>";
		};
/* End PBXVariantGroup section */

/* Begin XCBuildConfiguration section */
		DACAB6D329C6591E0084FD3B /* Debug */ = {
			isa = XCBuildConfiguration;
			buildSettings = {
				ALWAYS_SEARCH_USER_PATHS = NO;
				CLANG_ANALYZER_NONNULL = YES;
				CLANG_ANALYZER_NUMBER_OBJECT_CONVERSION = YES_AGGRESSIVE;
				CLANG_CXX_LANGUAGE_STANDARD = "gnu++20";
				CLANG_ENABLE_MODULES = YES;
				CLANG_ENABLE_OBJC_ARC = YES;
				CLANG_ENABLE_OBJC_WEAK = YES;
				CLANG_WARN_BLOCK_CAPTURE_AUTORELEASING = YES;
				CLANG_WARN_BOOL_CONVERSION = YES;
				CLANG_WARN_COMMA = YES;
				CLANG_WARN_CONSTANT_CONVERSION = YES;
				CLANG_WARN_DEPRECATED_OBJC_IMPLEMENTATIONS = YES;
				CLANG_WARN_DIRECT_OBJC_ISA_USAGE = YES_ERROR;
				CLANG_WARN_DOCUMENTATION_COMMENTS = YES;
				CLANG_WARN_EMPTY_BODY = YES;
				CLANG_WARN_ENUM_CONVERSION = YES;
				CLANG_WARN_INFINITE_RECURSION = YES;
				CLANG_WARN_INT_CONVERSION = YES;
				CLANG_WARN_NON_LITERAL_NULL_CONVERSION = YES;
				CLANG_WARN_OBJC_IMPLICIT_RETAIN_SELF = YES;
				CLANG_WARN_OBJC_LITERAL_CONVERSION = YES;
				CLANG_WARN_OBJC_ROOT_CLASS = YES_ERROR;
				CLANG_WARN_QUOTED_INCLUDE_IN_FRAMEWORK_HEADER = YES;
				CLANG_WARN_RANGE_LOOP_ANALYSIS = YES;
				CLANG_WARN_STRICT_PROTOTYPES = YES;
				CLANG_WARN_SUSPICIOUS_MOVE = YES;
				CLANG_WARN_UNGUARDED_AVAILABILITY = YES_AGGRESSIVE;
				CLANG_WARN_UNREACHABLE_CODE = YES;
				CLANG_WARN__DUPLICATE_METHOD_MATCH = YES;
				COPY_PHASE_STRIP = NO;
				DEBUG_INFORMATION_FORMAT = dwarf;
				ENABLE_STRICT_OBJC_MSGSEND = YES;
				ENABLE_TESTABILITY = YES;
				GCC_C_LANGUAGE_STANDARD = gnu11;
				GCC_DYNAMIC_NO_PIC = NO;
				GCC_NO_COMMON_BLOCKS = YES;
				GCC_OPTIMIZATION_LEVEL = 0;
				GCC_PREPROCESSOR_DEFINITIONS = (
					"DEBUG=1",
					"$(inherited)",
				);
				GCC_WARN_64_TO_32_BIT_CONVERSION = YES;
				GCC_WARN_ABOUT_RETURN_TYPE = YES_ERROR;
				GCC_WARN_UNDECLARED_SELECTOR = YES;
				GCC_WARN_UNINITIALIZED_AUTOS = YES_AGGRESSIVE;
				GCC_WARN_UNUSED_FUNCTION = YES;
				GCC_WARN_UNUSED_VARIABLE = YES;
				IPHONEOS_DEPLOYMENT_TARGET = 16.2;
				MTL_ENABLE_DEBUG_INFO = INCLUDE_SOURCE;
				MTL_FAST_MATH = YES;
				ONLY_ACTIVE_ARCH = YES;
				SDKROOT = iphoneos;
				SWIFT_ACTIVE_COMPILATION_CONDITIONS = DEBUG;
				SWIFT_OPTIMIZATION_LEVEL = "-Onone";
			};
			name = Debug;
		};
		DACAB6D429C6591E0084FD3B /* Release */ = {
			isa = XCBuildConfiguration;
			buildSettings = {
				ALWAYS_SEARCH_USER_PATHS = NO;
				CLANG_ANALYZER_NONNULL = YES;
				CLANG_ANALYZER_NUMBER_OBJECT_CONVERSION = YES_AGGRESSIVE;
				CLANG_CXX_LANGUAGE_STANDARD = "gnu++20";
				CLANG_ENABLE_MODULES = YES;
				CLANG_ENABLE_OBJC_ARC = YES;
				CLANG_ENABLE_OBJC_WEAK = YES;
				CLANG_WARN_BLOCK_CAPTURE_AUTORELEASING = YES;
				CLANG_WARN_BOOL_CONVERSION = YES;
				CLANG_WARN_COMMA = YES;
				CLANG_WARN_CONSTANT_CONVERSION = YES;
				CLANG_WARN_DEPRECATED_OBJC_IMPLEMENTATIONS = YES;
				CLANG_WARN_DIRECT_OBJC_ISA_USAGE = YES_ERROR;
				CLANG_WARN_DOCUMENTATION_COMMENTS = YES;
				CLANG_WARN_EMPTY_BODY = YES;
				CLANG_WARN_ENUM_CONVERSION = YES;
				CLANG_WARN_INFINITE_RECURSION = YES;
				CLANG_WARN_INT_CONVERSION = YES;
				CLANG_WARN_NON_LITERAL_NULL_CONVERSION = YES;
				CLANG_WARN_OBJC_IMPLICIT_RETAIN_SELF = YES;
				CLANG_WARN_OBJC_LITERAL_CONVERSION = YES;
				CLANG_WARN_OBJC_ROOT_CLASS = YES_ERROR;
				CLANG_WARN_QUOTED_INCLUDE_IN_FRAMEWORK_HEADER = YES;
				CLANG_WARN_RANGE_LOOP_ANALYSIS = YES;
				CLANG_WARN_STRICT_PROTOTYPES = YES;
				CLANG_WARN_SUSPICIOUS_MOVE = YES;
				CLANG_WARN_UNGUARDED_AVAILABILITY = YES_AGGRESSIVE;
				CLANG_WARN_UNREACHABLE_CODE = YES;
				CLANG_WARN__DUPLICATE_METHOD_MATCH = YES;
				COPY_PHASE_STRIP = NO;
				DEBUG_INFORMATION_FORMAT = "dwarf-with-dsym";
				ENABLE_NS_ASSERTIONS = NO;
				ENABLE_STRICT_OBJC_MSGSEND = YES;
				GCC_C_LANGUAGE_STANDARD = gnu11;
				GCC_NO_COMMON_BLOCKS = YES;
				GCC_WARN_64_TO_32_BIT_CONVERSION = YES;
				GCC_WARN_ABOUT_RETURN_TYPE = YES_ERROR;
				GCC_WARN_UNDECLARED_SELECTOR = YES;
				GCC_WARN_UNINITIALIZED_AUTOS = YES_AGGRESSIVE;
				GCC_WARN_UNUSED_FUNCTION = YES;
				GCC_WARN_UNUSED_VARIABLE = YES;
				IPHONEOS_DEPLOYMENT_TARGET = 16.2;
				MTL_ENABLE_DEBUG_INFO = NO;
				MTL_FAST_MATH = YES;
				SDKROOT = iphoneos;
				SWIFT_COMPILATION_MODE = wholemodule;
				SWIFT_OPTIMIZATION_LEVEL = "-O";
				VALIDATE_PRODUCT = YES;
			};
			name = Release;
		};
		DACAB6D629C6591E0084FD3B /* Debug */ = {
			isa = XCBuildConfiguration;
			buildSettings = {
				ASSETCATALOG_COMPILER_APPICON_NAME = AppIcon;
				ASSETCATALOG_COMPILER_GLOBAL_ACCENT_COLOR_NAME = AccentColor;
				CODE_SIGN_STYLE = Automatic;
				CURRENT_PROJECT_VERSION = 1;
				DEVELOPMENT_TEAM = 87Z9SFKZBN;
				GENERATE_INFOPLIST_FILE = YES;
				INFOPLIST_FILE = "Book Finder/Info.plist";
				INFOPLIST_KEY_UIApplicationSupportsIndirectInputEvents = YES;
				INFOPLIST_KEY_UILaunchStoryboardName = LaunchScreen;
				INFOPLIST_KEY_UIMainStoryboardFile = Main;
				INFOPLIST_KEY_UISupportedInterfaceOrientations_iPad = "UIInterfaceOrientationPortrait UIInterfaceOrientationPortraitUpsideDown UIInterfaceOrientationLandscapeLeft UIInterfaceOrientationLandscapeRight";
				INFOPLIST_KEY_UISupportedInterfaceOrientations_iPhone = "UIInterfaceOrientationPortrait UIInterfaceOrientationLandscapeLeft UIInterfaceOrientationLandscapeRight";
				LD_RUNPATH_SEARCH_PATHS = (
					"$(inherited)",
					"@executable_path/Frameworks",
				);
				MARKETING_VERSION = 1.0;
				PRODUCT_BUNDLE_IDENTIFIER = "com.sahinyurek.Book-Finder";
				PRODUCT_NAME = "$(TARGET_NAME)";
				SWIFT_EMIT_LOC_STRINGS = YES;
				SWIFT_VERSION = 5.0;
				TARGETED_DEVICE_FAMILY = "1,2";
			};
			name = Debug;
		};
		DACAB6D729C6591E0084FD3B /* Release */ = {
			isa = XCBuildConfiguration;
			buildSettings = {
				ASSETCATALOG_COMPILER_APPICON_NAME = AppIcon;
				ASSETCATALOG_COMPILER_GLOBAL_ACCENT_COLOR_NAME = AccentColor;
				CODE_SIGN_STYLE = Automatic;
				CURRENT_PROJECT_VERSION = 1;
				DEVELOPMENT_TEAM = 87Z9SFKZBN;
				GENERATE_INFOPLIST_FILE = YES;
				INFOPLIST_FILE = "Book Finder/Info.plist";
				INFOPLIST_KEY_UIApplicationSupportsIndirectInputEvents = YES;
				INFOPLIST_KEY_UILaunchStoryboardName = LaunchScreen;
				INFOPLIST_KEY_UIMainStoryboardFile = Main;
				INFOPLIST_KEY_UISupportedInterfaceOrientations_iPad = "UIInterfaceOrientationPortrait UIInterfaceOrientationPortraitUpsideDown UIInterfaceOrientationLandscapeLeft UIInterfaceOrientationLandscapeRight";
				INFOPLIST_KEY_UISupportedInterfaceOrientations_iPhone = "UIInterfaceOrientationPortrait UIInterfaceOrientationLandscapeLeft UIInterfaceOrientationLandscapeRight";
				LD_RUNPATH_SEARCH_PATHS = (
					"$(inherited)",
					"@executable_path/Frameworks",
				);
				MARKETING_VERSION = 1.0;
				PRODUCT_BUNDLE_IDENTIFIER = "com.sahinyurek.Book-Finder";
				PRODUCT_NAME = "$(TARGET_NAME)";
				SWIFT_EMIT_LOC_STRINGS = YES;
				SWIFT_VERSION = 5.0;
				TARGETED_DEVICE_FAMILY = "1,2";
			};
			name = Release;
		};
/* End XCBuildConfiguration section */

/* Begin XCConfigurationList section */
		DACAB6BC29C6591D0084FD3B /* Build configuration list for PBXProject "Book Finder" */ = {
			isa = XCConfigurationList;
			buildConfigurations = (
				DACAB6D329C6591E0084FD3B /* Debug */,
				DACAB6D429C6591E0084FD3B /* Release */,
			);
			defaultConfigurationIsVisible = 0;
			defaultConfigurationName = Release;
		};
		DACAB6D529C6591E0084FD3B /* Build configuration list for PBXNativeTarget "Book Finder" */ = {
			isa = XCConfigurationList;
			buildConfigurations = (
				DACAB6D629C6591E0084FD3B /* Debug */,
				DACAB6D729C6591E0084FD3B /* Release */,
			);
			defaultConfigurationIsVisible = 0;
			defaultConfigurationName = Release;
		};
/* End XCConfigurationList section */

/* Begin XCRemoteSwiftPackageReference section */
		DAA7AED329F9CC980037A8AC /* XCRemoteSwiftPackageReference "SDWebImage" */ = {
			isa = XCRemoteSwiftPackageReference;
			repositoryURL = "https://github.com/SDWebImage/SDWebImage";
			requirement = {
				kind = upToNextMajorVersion;
				minimumVersion = 5.0.0;
			};
		};
/* End XCRemoteSwiftPackageReference section */

/* Begin XCSwiftPackageProductDependency section */
		DAA7AED429F9CC980037A8AC /* SDWebImage */ = {
			isa = XCSwiftPackageProductDependency;
			package = DAA7AED329F9CC980037A8AC /* XCRemoteSwiftPackageReference "SDWebImage" */;
			productName = SDWebImage;
		};
/* End XCSwiftPackageProductDependency section */
	};
	rootObject = DACAB6B929C6591D0084FD3B /* Project object */;
}
